
Microsoft Visual Studio Solution File, Format Version 12.00
# Visual Studio 15
VisualStudioVersion = 15.0.28307.329
MinimumVisualStudioVersion = 10.0.40219.1
Project("{FAE04EC0-301F-11D3-BF4B-00C04F79EFBC}") = "schedule.forms.framework", "schedule.forms.framework\schedule.forms.framework.csproj", "{E07055F5-9646-44D0-A921-C16C6F69F6FC}"
EndProject
Project("{FAE04EC0-301F-11D3-BF4B-00C04F79EFBC}") = "schedule.api.framework.tests", "schedule.api.framework.tests\schedule.api.framework.tests.csproj", "{E2443E0A-E463-43D2-973B-99AAB4FBFC1F}"
EndProject
Project("{FAE04EC0-301F-11D3-BF4B-00C04F79EFBC}") = "schedule.api.framework", "schedule.api.framework\schedule.api.framework.csproj", "{0D8A12BF-CD70-4C6F-9153-FD14B463381A}"
EndProject
Project("{9A19103F-16F7-4668-BE54-9A1E7A4F7556}") = "schedule.api.core.tests", "schedule.api.core.tests\schedule.api.core.tests.csproj", "{7E3267A7-CACA-4ECE-981C-46AF495BD53D}"
EndProject
Project("{FAE04EC0-301F-11D3-BF4B-00C04F79EFBC}") = "schedule.api.core", "schedule.api.core\schedule.api.core.csproj", "{6B29394E-9E02-4064-B684-A50FF953031F}"
EndProject
Global
	GlobalSection(SolutionConfigurationPlatforms) = preSolution
		Debug|Any CPU = Debug|Any CPU
		Release|Any CPU = Release|Any CPU
	EndGlobalSection
	GlobalSection(ProjectConfigurationPlatforms) = postSolution
		{E07055F5-9646-44D0-A921-C16C6F69F6FC}.Debug|Any CPU.ActiveCfg = Debug|Any CPU
		{E07055F5-9646-44D0-A921-C16C6F69F6FC}.Debug|Any CPU.Build.0 = Debug|Any CPU
		{E07055F5-9646-44D0-A921-C16C6F69F6FC}.Release|Any CPU.ActiveCfg = Release|Any CPU
		{E07055F5-9646-44D0-A921-C16C6F69F6FC}.Release|Any CPU.Build.0 = Release|Any CPU
		{E2443E0A-E463-43D2-973B-99AAB4FBFC1F}.Debug|Any CPU.ActiveCfg = Debug|Any CPU
		{E2443E0A-E463-43D2-973B-99AAB4FBFC1F}.Debug|Any CPU.Build.0 = Debug|Any CPU
		{E2443E0A-E463-43D2-973B-99AAB4FBFC1F}.Release|Any CPU.ActiveCfg = Release|Any CPU
		{E2443E0A-E463-43D2-973B-99AAB4FBFC1F}.Release|Any CPU.Build.0 = Release|Any CPU
		{0D8A12BF-CD70-4C6F-9153-FD14B463381A}.Debug|Any CPU.ActiveCfg = Debug|Any CPU
		{0D8A12BF-CD70-4C6F-9153-FD14B463381A}.Debug|Any CPU.Build.0 = Debug|Any CPU
		{0D8A12BF-CD70-4C6F-9153-FD14B463381A}.Release|Any CPU.ActiveCfg = Release|Any CPU
		{0D8A12BF-CD70-4C6F-9153-FD14B463381A}.Release|Any CPU.Build.0 = Release|Any CPU
		{7E3267A7-CACA-4ECE-981C-46AF495BD53D}.Debug|Any CPU.ActiveCfg = Debug|Any CPU
		{7E3267A7-CACA-4ECE-981C-46AF495BD53D}.Debug|Any CPU.Build.0 = Debug|Any CPU
		{7E3267A7-CACA-4ECE-981C-46AF495BD53D}.Release|Any CPU.ActiveCfg = Release|Any CPU
		{7E3267A7-CACA-4ECE-981C-46AF495BD53D}.Release|Any CPU.Build.0 = Release|Any CPU
		{6B29394E-9E02-4064-B684-A50FF953031F}.Debug|Any CPU.ActiveCfg = Debug|Any CPU
		{6B29394E-9E02-4064-B684-A50FF953031F}.Debug|Any CPU.Build.0 = Debug|Any CPU
		{6B29394E-9E02-4064-B684-A50FF953031F}.Release|Any CPU.ActiveCfg = Release|Any CPU
		{6B29394E-9E02-4064-B684-A50FF953031F}.Release|Any CPU.Build.0 = Release|Any CPU
	EndGlobalSection
	GlobalSection(SolutionProperties) = preSolution
		HideSolutionNode = FALSE
	EndGlobalSection
	GlobalSection(ExtensibilityGlobals) = postSolution
		SolutionGuid = {A2F17AF6-D387-4F38-8649-47F59FF215FE}
	EndGlobalSection
EndGlobal
